
Microsoft Visual Studio Solution File, Format Version 12.00
# Visual Studio Version 16
VisualStudioVersion = 16.0.29215.179
MinimumVisualStudioVersion = 10.0.40219.1
Project("{FAE04EC0-301F-11D3-BF4B-00C04F79EFBC}") = "P01WstepLinq", "P01WstepLinq\P01WstepLinq.csproj", "{B4C75CF1-6418-4601-A86B-573F86EBE923}"
EndProject
Project("{FAE04EC0-301F-11D3-BF4B-00C04F79EFBC}") = "P02WstepORM", "P02WstepORM\P02WstepORM.csproj", "{AD46638C-E7EC-4CB6-8174-0A696BA9F9DA}"
EndProject
Project("{FAE04EC0-301F-11D3-BF4B-00C04F79EFBC}") = "P03PodgladZapytania", "P03PodgladZapytania\P03PodgladZapytania.csproj", "{EA976636-965D-43AA-A0C7-A20DACF4A04C}"
EndProject
Project("{FAE04EC0-301F-11D3-BF4B-00C04F79EFBC}") = "P04OperacjeCRUD", "P04OperacjeCRUD\P04OperacjeCRUD.csproj", "{4CA29AD0-DD6A-4514-9513-E5DF6B77410A}"
EndProject
Project("{FAE04EC0-301F-11D3-BF4B-00C04F79EFBC}") = "P05LaczenieDanych", "P05LaczenieDanych\P05LaczenieDanych.csproj", "{23CEB28F-F8EC-4F15-A37E-9E6E08CA30A6}"
EndProject
Project("{FAE04EC0-301F-11D3-BF4B-00C04F79EFBC}") = "P07AplikacjaZawodnicy", "P07AplikacjaZawodnicy\P07AplikacjaZawodnicy.csproj", "{AD5F6D32-6C2E-4046-9A20-DCE618B6A1EF}"
EndProject
Global
	GlobalSection(SolutionConfigurationPlatforms) = preSolution
		Debug|Any CPU = Debug|Any CPU
		Release|Any CPU = Release|Any CPU
	EndGlobalSection
	GlobalSection(ProjectConfigurationPlatforms) = postSolution
		{B4C75CF1-6418-4601-A86B-573F86EBE923}.Debug|Any CPU.ActiveCfg = Debug|Any CPU
		{B4C75CF1-6418-4601-A86B-573F86EBE923}.Debug|Any CPU.Build.0 = Debug|Any CPU
		{B4C75CF1-6418-4601-A86B-573F86EBE923}.Release|Any CPU.ActiveCfg = Release|Any CPU
		{B4C75CF1-6418-4601-A86B-573F86EBE923}.Release|Any CPU.Build.0 = Release|Any CPU
		{AD46638C-E7EC-4CB6-8174-0A696BA9F9DA}.Debug|Any CPU.ActiveCfg = Debug|Any CPU
		{AD46638C-E7EC-4CB6-8174-0A696BA9F9DA}.Debug|Any CPU.Build.0 = Debug|Any CPU
		{AD46638C-E7EC-4CB6-8174-0A696BA9F9DA}.Release|Any CPU.ActiveCfg = Release|Any CPU
		{AD46638C-E7EC-4CB6-8174-0A696BA9F9DA}.Release|Any CPU.Build.0 = Release|Any CPU
		{EA976636-965D-43AA-A0C7-A20DACF4A04C}.Debug|Any CPU.ActiveCfg = Debug|Any CPU
		{EA976636-965D-43AA-A0C7-A20DACF4A04C}.Debug|Any CPU.Build.0 = Debug|Any CPU
		{EA976636-965D-43AA-A0C7-A20DACF4A04C}.Release|Any CPU.ActiveCfg = Release|Any CPU
		{EA976636-965D-43AA-A0C7-A20DACF4A04C}.Release|Any CPU.Build.0 = Release|Any CPU
		{4CA29AD0-DD6A-4514-9513-E5DF6B77410A}.Debug|Any CPU.ActiveCfg = Debug|Any CPU
		{4CA29AD0-DD6A-4514-9513-E5DF6B77410A}.Debug|Any CPU.Build.0 = Debug|Any CPU
		{4CA29AD0-DD6A-4514-9513-E5DF6B77410A}.Release|Any CPU.ActiveCfg = Release|Any CPU
		{4CA29AD0-DD6A-4514-9513-E5DF6B77410A}.Release|Any CPU.Build.0 = Release|Any CPU
		{23CEB28F-F8EC-4F15-A37E-9E6E08CA30A6}.Debug|Any CPU.ActiveCfg = Debug|Any CPU
		{23CEB28F-F8EC-4F15-A37E-9E6E08CA30A6}.Debug|Any CPU.Build.0 = Debug|Any CPU
		{23CEB28F-F8EC-4F15-A37E-9E6E08CA30A6}.Release|Any CPU.ActiveCfg = Release|Any CPU
		{23CEB28F-F8EC-4F15-A37E-9E6E08CA30A6}.Release|Any CPU.Build.0 = Release|Any CPU
		{AD5F6D32-6C2E-4046-9A20-DCE618B6A1EF}.Debug|Any CPU.ActiveCfg = Debug|Any CPU
		{AD5F6D32-6C2E-4046-9A20-DCE618B6A1EF}.Debug|Any CPU.Build.0 = Debug|Any CPU
		{AD5F6D32-6C2E-4046-9A20-DCE618B6A1EF}.Release|Any CPU.ActiveCfg = Release|Any CPU
		{AD5F6D32-6C2E-4046-9A20-DCE618B6A1EF}.Release|Any CPU.Build.0 = Release|Any CPU
	EndGlobalSection
	GlobalSection(SolutionProperties) = preSolution
		HideSolutionNode = FALSE
	EndGlobalSection
	GlobalSection(ExtensibilityGlobals) = postSolution
		SolutionGuid = {6EE21C7E-B4B4-4586-93CB-33D1210A6DE4}
	EndGlobalSection
EndGlobal
